// !$*UTF8*$!
{
	archiveVersion = 1;
	classes = {
	};
	objectVersion = 51;
	objects = {

/* Begin PBXBuildFile section */
		41EE72159181D46AA1A3143A /* Pods_GeoTestTask.framework in Frameworks */ = {isa = PBXBuildFile; fileRef = 62F9361023C18B5E35481443 /* Pods_GeoTestTask.framework */; };
		583C33F32726CEF400B2016E /* AppDelegate.swift in Sources */ = {isa = PBXBuildFile; fileRef = 583C33F22726CEF400B2016E /* AppDelegate.swift */; };
		583C33F52726CEF400B2016E /* SceneDelegate.swift in Sources */ = {isa = PBXBuildFile; fileRef = 583C33F42726CEF400B2016E /* SceneDelegate.swift */; };
		583C33F72726CEF400B2016E /* HomeViewController.swift in Sources */ = {isa = PBXBuildFile; fileRef = 583C33F62726CEF400B2016E /* HomeViewController.swift */; };
		583C33FF2726CEF500B2016E /* Assets.xcassets in Resources */ = {isa = PBXBuildFile; fileRef = 583C33FE2726CEF500B2016E /* Assets.xcassets */; };
		583C34022726CEF500B2016E /* LaunchScreen.storyboard in Resources */ = {isa = PBXBuildFile; fileRef = 583C34002726CEF500B2016E /* LaunchScreen.storyboard */; };
		583C340D2726CEF500B2016E /* GeoTestTaskTests.swift in Sources */ = {isa = PBXBuildFile; fileRef = 583C340C2726CEF500B2016E /* GeoTestTaskTests.swift */; };
		583C34182726CEF500B2016E /* GeoTestTaskUITests.swift in Sources */ = {isa = PBXBuildFile; fileRef = 583C34172726CEF500B2016E /* GeoTestTaskUITests.swift */; };
		588451B7272AA77C00FF67C8 /* UserCellViewModel.swift in Sources */ = {isa = PBXBuildFile; fileRef = 588451B6272AA77C00FF67C8 /* UserCellViewModel.swift */; };
		58D266D8272800CF00642F5C /* UsersListViewModel.swift in Sources */ = {isa = PBXBuildFile; fileRef = 58D266D7272800CF00642F5C /* UsersListViewModel.swift */; };
		58D266DA2728039200642F5C /* UserCellView.swift in Sources */ = {isa = PBXBuildFile; fileRef = 58D266D92728039200642F5C /* UserCellView.swift */; };
		58D266DC2728057300642F5C /* UserModel.swift in Sources */ = {isa = PBXBuildFile; fileRef = 58D266DB2728057300642F5C /* UserModel.swift */; };
		58D266DE272819D500642F5C /* DetailedUserInfoViewController.swift in Sources */ = {isa = PBXBuildFile; fileRef = 58D266DD272819D500642F5C /* DetailedUserInfoViewController.swift */; };
		58D266ED2729575300642F5C /* UserDetailsViewModel.swift in Sources */ = {isa = PBXBuildFile; fileRef = 58D266EC2729575300642F5C /* UserDetailsViewModel.swift */; };
		7D841F94274E485000EF87E0 /* User+CoreData.swift in Sources */ = {isa = PBXBuildFile; fileRef = 7D841F93274E485000EF87E0 /* User+CoreData.swift */; };
		7D841F95274E485000EF87E0 /* User+CoreData.swift in Sources */ = {isa = PBXBuildFile; fileRef = 7D841F93274E485000EF87E0 /* User+CoreData.swift */; };
		7D841F96274E485000EF87E0 /* User+CoreData.swift in Sources */ = {isa = PBXBuildFile; fileRef = 7D841F93274E485000EF87E0 /* User+CoreData.swift */; };
		7D841F98274E48C700EF87E0 /* UsersLocalStorageService.swift in Sources */ = {isa = PBXBuildFile; fileRef = 7D841F97274E48C700EF87E0 /* UsersLocalStorageService.swift */; };
		7D841F99274E48C700EF87E0 /* UsersLocalStorageService.swift in Sources */ = {isa = PBXBuildFile; fileRef = 7D841F97274E48C700EF87E0 /* UsersLocalStorageService.swift */; };
		7D841F9A274E48C700EF87E0 /* UsersLocalStorageService.swift in Sources */ = {isa = PBXBuildFile; fileRef = 7D841F97274E48C700EF87E0 /* UsersLocalStorageService.swift */; };
		7D841F9C274E491900EF87E0 /* CoreDataManager.swift in Sources */ = {isa = PBXBuildFile; fileRef = 7D841F9B274E491900EF87E0 /* CoreDataManager.swift */; };
		7D841F9D274E491900EF87E0 /* CoreDataManager.swift in Sources */ = {isa = PBXBuildFile; fileRef = 7D841F9B274E491900EF87E0 /* CoreDataManager.swift */; };
		7D841F9E274E491900EF87E0 /* CoreDataManager.swift in Sources */ = {isa = PBXBuildFile; fileRef = 7D841F9B274E491900EF87E0 /* CoreDataManager.swift */; };
		7D841FA1274E497B00EF87E0 /* GeoTestTask.xcdatamodeld in Sources */ = {isa = PBXBuildFile; fileRef = 7D841F9F274E497B00EF87E0 /* GeoTestTask.xcdatamodeld */; };
		7D841FA2274E497B00EF87E0 /* GeoTestTask.xcdatamodeld in Sources */ = {isa = PBXBuildFile; fileRef = 7D841F9F274E497B00EF87E0 /* GeoTestTask.xcdatamodeld */; };
		7D841FA3274E497B00EF87E0 /* GeoTestTask.xcdatamodeld in Sources */ = {isa = PBXBuildFile; fileRef = 7D841F9F274E497B00EF87E0 /* GeoTestTask.xcdatamodeld */; };
		7D841FA6274E4BF500EF87E0 /* UserNetworkService.swift in Sources */ = {isa = PBXBuildFile; fileRef = 7D841FA5274E4BF500EF87E0 /* UserNetworkService.swift */; };
		7D841FA7274E4BF500EF87E0 /* UserNetworkService.swift in Sources */ = {isa = PBXBuildFile; fileRef = 7D841FA5274E4BF500EF87E0 /* UserNetworkService.swift */; };
		7D841FA8274E4BF500EF87E0 /* UserNetworkService.swift in Sources */ = {isa = PBXBuildFile; fileRef = 7D841FA5274E4BF500EF87E0 /* UserNetworkService.swift */; };
		7D841FAA274E4CA400EF87E0 /* NetworkService.swift in Sources */ = {isa = PBXBuildFile; fileRef = 7D841FA9274E4CA400EF87E0 /* NetworkService.swift */; };
		7D841FAB274E4CA400EF87E0 /* NetworkService.swift in Sources */ = {isa = PBXBuildFile; fileRef = 7D841FA9274E4CA400EF87E0 /* NetworkService.swift */; };
		7D841FAC274E4CA400EF87E0 /* NetworkService.swift in Sources */ = {isa = PBXBuildFile; fileRef = 7D841FA9274E4CA400EF87E0 /* NetworkService.swift */; };
		7D841FAE274E4D0300EF87E0 /* UsersNetworkResponse.swift in Sources */ = {isa = PBXBuildFile; fileRef = 7D841FAD274E4D0300EF87E0 /* UsersNetworkResponse.swift */; };
		7D841FAF274E4D0300EF87E0 /* UsersNetworkResponse.swift in Sources */ = {isa = PBXBuildFile; fileRef = 7D841FAD274E4D0300EF87E0 /* UsersNetworkResponse.swift */; };
		7D841FB0274E4D0300EF87E0 /* UsersNetworkResponse.swift in Sources */ = {isa = PBXBuildFile; fileRef = 7D841FAD274E4D0300EF87E0 /* UsersNetworkResponse.swift */; };
/* End PBXBuildFile section */

/* Begin PBXContainerItemProxy section */
		583C34092726CEF500B2016E /* PBXContainerItemProxy */ = {
			isa = PBXContainerItemProxy;
			containerPortal = 583C33E72726CEF400B2016E /* Project object */;
			proxyType = 1;
			remoteGlobalIDString = 583C33EE2726CEF400B2016E;
			remoteInfo = GeoTestTask;
		};
		583C34142726CEF500B2016E /* PBXContainerItemProxy */ = {
			isa = PBXContainerItemProxy;
			containerPortal = 583C33E72726CEF400B2016E /* Project object */;
			proxyType = 1;
			remoteGlobalIDString = 583C33EE2726CEF400B2016E;
			remoteInfo = GeoTestTask;
		};
/* End PBXContainerItemProxy section */

/* Begin PBXFileReference section */
		583C33EF2726CEF400B2016E /* GeoTestTask.app */ = {isa = PBXFileReference; explicitFileType = wrapper.application; includeInIndex = 0; path = GeoTestTask.app; sourceTree = BUILT_PRODUCTS_DIR; };
		583C33F22726CEF400B2016E /* AppDelegate.swift */ = {isa = PBXFileReference; lastKnownFileType = sourcecode.swift; path = AppDelegate.swift; sourceTree = "<group>"; };
		583C33F42726CEF400B2016E /* SceneDelegate.swift */ = {isa = PBXFileReference; lastKnownFileType = sourcecode.swift; path = SceneDelegate.swift; sourceTree = "<group>"; };
		583C33F62726CEF400B2016E /* HomeViewController.swift */ = {isa = PBXFileReference; lastKnownFileType = sourcecode.swift; path = HomeViewController.swift; sourceTree = "<group>"; };
		583C33FE2726CEF500B2016E /* Assets.xcassets */ = {isa = PBXFileReference; lastKnownFileType = folder.assetcatalog; path = Assets.xcassets; sourceTree = "<group>"; };
		583C34012726CEF500B2016E /* Base */ = {isa = PBXFileReference; lastKnownFileType = file.storyboard; name = Base; path = Base.lproj/LaunchScreen.storyboard; sourceTree = "<group>"; };
		583C34032726CEF500B2016E /* Info.plist */ = {isa = PBXFileReference; lastKnownFileType = text.plist.xml; path = Info.plist; sourceTree = "<group>"; };
		583C34082726CEF500B2016E /* GeoTestTaskTests.xctest */ = {isa = PBXFileReference; explicitFileType = wrapper.cfbundle; includeInIndex = 0; path = GeoTestTaskTests.xctest; sourceTree = BUILT_PRODUCTS_DIR; };
		583C340C2726CEF500B2016E /* GeoTestTaskTests.swift */ = {isa = PBXFileReference; lastKnownFileType = sourcecode.swift; path = GeoTestTaskTests.swift; sourceTree = "<group>"; };
		583C340E2726CEF500B2016E /* Info.plist */ = {isa = PBXFileReference; lastKnownFileType = text.plist.xml; path = Info.plist; sourceTree = "<group>"; };
		583C34132726CEF500B2016E /* GeoTestTaskUITests.xctest */ = {isa = PBXFileReference; explicitFileType = wrapper.cfbundle; includeInIndex = 0; path = GeoTestTaskUITests.xctest; sourceTree = BUILT_PRODUCTS_DIR; };
		583C34172726CEF500B2016E /* GeoTestTaskUITests.swift */ = {isa = PBXFileReference; lastKnownFileType = sourcecode.swift; path = GeoTestTaskUITests.swift; sourceTree = "<group>"; };
		583C34192726CEF500B2016E /* Info.plist */ = {isa = PBXFileReference; lastKnownFileType = text.plist.xml; path = Info.plist; sourceTree = "<group>"; };
		588451B6272AA77C00FF67C8 /* UserCellViewModel.swift */ = {isa = PBXFileReference; lastKnownFileType = sourcecode.swift; path = UserCellViewModel.swift; sourceTree = "<group>"; };
		58D266D7272800CF00642F5C /* UsersListViewModel.swift */ = {isa = PBXFileReference; lastKnownFileType = sourcecode.swift; path = UsersListViewModel.swift; sourceTree = "<group>"; };
		58D266D92728039200642F5C /* UserCellView.swift */ = {isa = PBXFileReference; lastKnownFileType = sourcecode.swift; path = UserCellView.swift; sourceTree = "<group>"; };
		58D266DB2728057300642F5C /* UserModel.swift */ = {isa = PBXFileReference; lastKnownFileType = sourcecode.swift; path = UserModel.swift; sourceTree = "<group>"; };
		58D266DD272819D500642F5C /* DetailedUserInfoViewController.swift */ = {isa = PBXFileReference; lastKnownFileType = sourcecode.swift; path = DetailedUserInfoViewController.swift; sourceTree = "<group>"; };
		58D266EC2729575300642F5C /* UserDetailsViewModel.swift */ = {isa = PBXFileReference; lastKnownFileType = sourcecode.swift; path = UserDetailsViewModel.swift; sourceTree = "<group>"; };
		62F9361023C18B5E35481443 /* Pods_GeoTestTask.framework */ = {isa = PBXFileReference; explicitFileType = wrapper.framework; includeInIndex = 0; path = Pods_GeoTestTask.framework; sourceTree = BUILT_PRODUCTS_DIR; };
		6D48D5515D066E1028A82020 /* Pods-GeoTestTask.release.xcconfig */ = {isa = PBXFileReference; includeInIndex = 1; lastKnownFileType = text.xcconfig; name = "Pods-GeoTestTask.release.xcconfig"; path = "Target Support Files/Pods-GeoTestTask/Pods-GeoTestTask.release.xcconfig"; sourceTree = "<group>"; };
		7D841F93274E485000EF87E0 /* User+CoreData.swift */ = {isa = PBXFileReference; lastKnownFileType = sourcecode.swift; path = "User+CoreData.swift"; sourceTree = "<group>"; };
		7D841F97274E48C700EF87E0 /* UsersLocalStorageService.swift */ = {isa = PBXFileReference; lastKnownFileType = sourcecode.swift; path = UsersLocalStorageService.swift; sourceTree = "<group>"; };
		7D841F9B274E491900EF87E0 /* CoreDataManager.swift */ = {isa = PBXFileReference; lastKnownFileType = sourcecode.swift; path = CoreDataManager.swift; sourceTree = "<group>"; };
		7D841FA0274E497B00EF87E0 /* GeoTestTask.xcdatamodel */ = {isa = PBXFileReference; lastKnownFileType = wrapper.xcdatamodel; path = GeoTestTask.xcdatamodel; sourceTree = "<group>"; };
		7D841FA5274E4BF500EF87E0 /* UserNetworkService.swift */ = {isa = PBXFileReference; lastKnownFileType = sourcecode.swift; path = UserNetworkService.swift; sourceTree = "<group>"; };
		7D841FA9274E4CA400EF87E0 /* NetworkService.swift */ = {isa = PBXFileReference; lastKnownFileType = sourcecode.swift; path = NetworkService.swift; sourceTree = "<group>"; };
		7D841FAD274E4D0300EF87E0 /* UsersNetworkResponse.swift */ = {isa = PBXFileReference; lastKnownFileType = sourcecode.swift; path = UsersNetworkResponse.swift; sourceTree = "<group>"; };
		DF82677F7C0424F920EF9763 /* Pods-GeoTestTask.debug.xcconfig */ = {isa = PBXFileReference; includeInIndex = 1; lastKnownFileType = text.xcconfig; name = "Pods-GeoTestTask.debug.xcconfig"; path = "Target Support Files/Pods-GeoTestTask/Pods-GeoTestTask.debug.xcconfig"; sourceTree = "<group>"; };
/* End PBXFileReference section */

/* Begin PBXFrameworksBuildPhase section */
		583C33EC2726CEF400B2016E /* Frameworks */ = {
			isa = PBXFrameworksBuildPhase;
			buildActionMask = 2147483647;
			files = (
				41EE72159181D46AA1A3143A /* Pods_GeoTestTask.framework in Frameworks */,
			);
			runOnlyForDeploymentPostprocessing = 0;
		};
		583C34052726CEF500B2016E /* Frameworks */ = {
			isa = PBXFrameworksBuildPhase;
			buildActionMask = 2147483647;
			files = (
			);
			runOnlyForDeploymentPostprocessing = 0;
		};
		583C34102726CEF500B2016E /* Frameworks */ = {
			isa = PBXFrameworksBuildPhase;
			buildActionMask = 2147483647;
			files = (
			);
			runOnlyForDeploymentPostprocessing = 0;
		};
/* End PBXFrameworksBuildPhase section */

/* Begin PBXGroup section */
		0F9FEAB812E90431B733D64A /* Pods */ = {
			isa = PBXGroup;
			children = (
				DF82677F7C0424F920EF9763 /* Pods-GeoTestTask.debug.xcconfig */,
				6D48D5515D066E1028A82020 /* Pods-GeoTestTask.release.xcconfig */,
			);
			path = Pods;
			sourceTree = "<group>";
		};
		36B9544FBA5E2D5E3066E996 /* Frameworks */ = {
			isa = PBXGroup;
			children = (
				62F9361023C18B5E35481443 /* Pods_GeoTestTask.framework */,
			);
			name = Frameworks;
			sourceTree = "<group>";
		};
		583C33E62726CEF400B2016E = {
			isa = PBXGroup;
			children = (
				583C33F12726CEF400B2016E /* GeoTestTask */,
				583C340B2726CEF500B2016E /* GeoTestTaskTests */,
				583C34162726CEF500B2016E /* GeoTestTaskUITests */,
				583C33F02726CEF400B2016E /* Products */,
				0F9FEAB812E90431B733D64A /* Pods */,
				36B9544FBA5E2D5E3066E996 /* Frameworks */,
			);
			sourceTree = "<group>";
		};
		583C33F02726CEF400B2016E /* Products */ = {
			isa = PBXGroup;
			children = (
				583C33EF2726CEF400B2016E /* GeoTestTask.app */,
				583C34082726CEF500B2016E /* GeoTestTaskTests.xctest */,
				583C34132726CEF500B2016E /* GeoTestTaskUITests.xctest */,
			);
			name = Products;
			sourceTree = "<group>";
		};
		583C33F12726CEF400B2016E /* GeoTestTask */ = {
			isa = PBXGroup;
			children = (
				583C33F22726CEF400B2016E /* AppDelegate.swift */,
				583C33F42726CEF400B2016E /* SceneDelegate.swift */,
				58D266DB2728057300642F5C /* UserModel.swift */,
				7D841FA4274E4B5C00EF87E0 /* RemoteStorage */,
				7D841F92274E482700EF87E0 /* LocalStorage */,
				58D266EA272956E300642F5C /* HomeScreen */,
				58D266EB272956FB00642F5C /* UserDetailScreen */,
				583C33FE2726CEF500B2016E /* Assets.xcassets */,
				583C34002726CEF500B2016E /* LaunchScreen.storyboard */,
				583C34032726CEF500B2016E /* Info.plist */,
			);
			path = GeoTestTask;
			sourceTree = "<group>";
		};
		583C340B2726CEF500B2016E /* GeoTestTaskTests */ = {
			isa = PBXGroup;
			children = (
				583C340C2726CEF500B2016E /* GeoTestTaskTests.swift */,
				583C340E2726CEF500B2016E /* Info.plist */,
			);
			path = GeoTestTaskTests;
			sourceTree = "<group>";
		};
		583C34162726CEF500B2016E /* GeoTestTaskUITests */ = {
			isa = PBXGroup;
			children = (
				583C34172726CEF500B2016E /* GeoTestTaskUITests.swift */,
				583C34192726CEF500B2016E /* Info.plist */,
			);
			path = GeoTestTaskUITests;
			sourceTree = "<group>";
		};
		58D266EA272956E300642F5C /* HomeScreen */ = {
			isa = PBXGroup;
			children = (
				583C33F62726CEF400B2016E /* HomeViewController.swift */,
				58D266D7272800CF00642F5C /* UsersListViewModel.swift */,
				58D266D92728039200642F5C /* UserCellView.swift */,
				588451B6272AA77C00FF67C8 /* UserCellViewModel.swift */,
			);
			path = HomeScreen;
			sourceTree = "<group>";
		};
		58D266EB272956FB00642F5C /* UserDetailScreen */ = {
			isa = PBXGroup;
			children = (
				58D266DD272819D500642F5C /* DetailedUserInfoViewController.swift */,
				58D266EC2729575300642F5C /* UserDetailsViewModel.swift */,
			);
			path = UserDetailScreen;
			sourceTree = "<group>";
		};
		7D841F92274E482700EF87E0 /* LocalStorage */ = {
			isa = PBXGroup;
			children = (
				7D841F93274E485000EF87E0 /* User+CoreData.swift */,
				7D841F97274E48C700EF87E0 /* UsersLocalStorageService.swift */,
				7D841F9B274E491900EF87E0 /* CoreDataManager.swift */,
				7D841F9F274E497B00EF87E0 /* GeoTestTask.xcdatamodeld */,
			);
			path = LocalStorage;
			sourceTree = "<group>";
		};
		7D841FA4274E4B5C00EF87E0 /* RemoteStorage */ = {
			isa = PBXGroup;
			children = (
				7D841FA5274E4BF500EF87E0 /* UserNetworkService.swift */,
				7D841FA9274E4CA400EF87E0 /* NetworkService.swift */,
				7D841FAD274E4D0300EF87E0 /* UsersNetworkResponse.swift */,
			);
			path = RemoteStorage;
			sourceTree = "<group>";
		};
/* End PBXGroup section */

/* Begin PBXNativeTarget section */
		583C33EE2726CEF400B2016E /* GeoTestTask */ = {
			isa = PBXNativeTarget;
			buildConfigurationList = 583C341C2726CEF500B2016E /* Build configuration list for PBXNativeTarget "GeoTestTask" */;
			buildPhases = (
				B7A76ECA2A5FF5DFF13FBEF8 /* [CP] Check Pods Manifest.lock */,
				583C33EB2726CEF400B2016E /* Sources */,
				583C33EC2726CEF400B2016E /* Frameworks */,
				583C33ED2726CEF400B2016E /* Resources */,
				E705C12C459FEF509601D217 /* [CP] Embed Pods Frameworks */,
			);
			buildRules = (
			);
			dependencies = (
			);
			name = GeoTestTask;
			productName = GeoTestTask;
			productReference = 583C33EF2726CEF400B2016E /* GeoTestTask.app */;
			productType = "com.apple.product-type.application";
		};
		583C34072726CEF500B2016E /* GeoTestTaskTests */ = {
			isa = PBXNativeTarget;
			buildConfigurationList = 583C341F2726CEF500B2016E /* Build configuration list for PBXNativeTarget "GeoTestTaskTests" */;
			buildPhases = (
				583C34042726CEF500B2016E /* Sources */,
				583C34052726CEF500B2016E /* Frameworks */,
				583C34062726CEF500B2016E /* Resources */,
			);
			buildRules = (
			);
			dependencies = (
				583C340A2726CEF500B2016E /* PBXTargetDependency */,
			);
			name = GeoTestTaskTests;
			productName = GeoTestTaskTests;
			productReference = 583C34082726CEF500B2016E /* GeoTestTaskTests.xctest */;
			productType = "com.apple.product-type.bundle.unit-test";
		};
		583C34122726CEF500B2016E /* GeoTestTaskUITests */ = {
			isa = PBXNativeTarget;
			buildConfigurationList = 583C34222726CEF500B2016E /* Build configuration list for PBXNativeTarget "GeoTestTaskUITests" */;
			buildPhases = (
				583C340F2726CEF500B2016E /* Sources */,
				583C34102726CEF500B2016E /* Frameworks */,
				583C34112726CEF500B2016E /* Resources */,
			);
			buildRules = (
			);
			dependencies = (
				583C34152726CEF500B2016E /* PBXTargetDependency */,
			);
			name = GeoTestTaskUITests;
			productName = GeoTestTaskUITests;
			productReference = 583C34132726CEF500B2016E /* GeoTestTaskUITests.xctest */;
			productType = "com.apple.product-type.bundle.ui-testing";
		};
/* End PBXNativeTarget section */

/* Begin PBXProject section */
		583C33E72726CEF400B2016E /* Project object */ = {
			isa = PBXProject;
			attributes = {
				LastSwiftUpdateCheck = 1250;
				LastUpgradeCheck = 1250;
				TargetAttributes = {
					583C33EE2726CEF400B2016E = {
						CreatedOnToolsVersion = 12.5;
					};
					583C34072726CEF500B2016E = {
						CreatedOnToolsVersion = 12.5;
						TestTargetID = 583C33EE2726CEF400B2016E;
					};
					583C34122726CEF500B2016E = {
						CreatedOnToolsVersion = 12.5;
						TestTargetID = 583C33EE2726CEF400B2016E;
					};
				};
			};
			buildConfigurationList = 583C33EA2726CEF400B2016E /* Build configuration list for PBXProject "GeoTestTask" */;
			compatibilityVersion = "Xcode 9.3";
			developmentRegion = en;
			hasScannedForEncodings = 0;
			knownRegions = (
				en,
				Base,
			);
			mainGroup = 583C33E62726CEF400B2016E;
			productRefGroup = 583C33F02726CEF400B2016E /* Products */;
			projectDirPath = "";
			projectRoot = "";
			targets = (
				583C33EE2726CEF400B2016E /* GeoTestTask */,
				583C34072726CEF500B2016E /* GeoTestTaskTests */,
				583C34122726CEF500B2016E /* GeoTestTaskUITests */,
			);
		};
/* End PBXProject section */

/* Begin PBXResourcesBuildPhase section */
		583C33ED2726CEF400B2016E /* Resources */ = {
			isa = PBXResourcesBuildPhase;
			buildActionMask = 2147483647;
			files = (
				583C34022726CEF500B2016E /* LaunchScreen.storyboard in Resources */,
				583C33FF2726CEF500B2016E /* Assets.xcassets in Resources */,
			);
			runOnlyForDeploymentPostprocessing = 0;
		};
		583C34062726CEF500B2016E /* Resources */ = {
			isa = PBXResourcesBuildPhase;
			buildActionMask = 2147483647;
			files = (
			);
			runOnlyForDeploymentPostprocessing = 0;
		};
		583C34112726CEF500B2016E /* Resources */ = {
			isa = PBXResourcesBuildPhase;
			buildActionMask = 2147483647;
			files = (
			);
			runOnlyForDeploymentPostprocessing = 0;
		};
/* End PBXResourcesBuildPhase section */

/* Begin PBXShellScriptBuildPhase section */
		B7A76ECA2A5FF5DFF13FBEF8 /* [CP] Check Pods Manifest.lock */ = {
			isa = PBXShellScriptBuildPhase;
			buildActionMask = 2147483647;
			files = (
			);
			inputFileListPaths = (
			);
			inputPaths = (
				"${PODS_PODFILE_DIR_PATH}/Podfile.lock",
				"${PODS_ROOT}/Manifest.lock",
			);
			name = "[CP] Check Pods Manifest.lock";
			outputFileListPaths = (
			);
			outputPaths = (
				"$(DERIVED_FILE_DIR)/Pods-GeoTestTask-checkManifestLockResult.txt",
			);
			runOnlyForDeploymentPostprocessing = 0;
			shellPath = /bin/sh;
			shellScript = "diff \"${PODS_PODFILE_DIR_PATH}/Podfile.lock\" \"${PODS_ROOT}/Manifest.lock\" > /dev/null\nif [ $? != 0 ] ; then\n    # print error to STDERR\n    echo \"error: The sandbox is not in sync with the Podfile.lock. Run 'pod install' or update your CocoaPods installation.\" >&2\n    exit 1\nfi\n# This output is used by Xcode 'outputs' to avoid re-running this script phase.\necho \"SUCCESS\" > \"${SCRIPT_OUTPUT_FILE_0}\"\n";
			showEnvVarsInLog = 0;
		};
		E705C12C459FEF509601D217 /* [CP] Embed Pods Frameworks */ = {
			isa = PBXShellScriptBuildPhase;
			buildActionMask = 2147483647;
			files = (
			);
			inputFileListPaths = (
				"${PODS_ROOT}/Target Support Files/Pods-GeoTestTask/Pods-GeoTestTask-frameworks-${CONFIGURATION}-input-files.xcfilelist",
			);
			name = "[CP] Embed Pods Frameworks";
			outputFileListPaths = (
				"${PODS_ROOT}/Target Support Files/Pods-GeoTestTask/Pods-GeoTestTask-frameworks-${CONFIGURATION}-output-files.xcfilelist",
			);
			runOnlyForDeploymentPostprocessing = 0;
			shellPath = /bin/sh;
			shellScript = "\"${PODS_ROOT}/Target Support Files/Pods-GeoTestTask/Pods-GeoTestTask-frameworks.sh\"\n";
			showEnvVarsInLog = 0;
		};
/* End PBXShellScriptBuildPhase section */

/* Begin PBXSourcesBuildPhase section */
		583C33EB2726CEF400B2016E /* Sources */ = {
			isa = PBXSourcesBuildPhase;
			buildActionMask = 2147483647;
			files = (
				583C33F72726CEF400B2016E /* HomeViewController.swift in Sources */,
				7D841FA1274E497B00EF87E0 /* GeoTestTask.xcdatamodeld in Sources */,
				588451B7272AA77C00FF67C8 /* UserCellViewModel.swift in Sources */,
				7D841FAE274E4D0300EF87E0 /* UsersNetworkResponse.swift in Sources */,
				583C33F32726CEF400B2016E /* AppDelegate.swift in Sources */,
				7D841F9C274E491900EF87E0 /* CoreDataManager.swift in Sources */,
				7D841F98274E48C700EF87E0 /* UsersLocalStorageService.swift in Sources */,
				7D841FA6274E4BF500EF87E0 /* UserNetworkService.swift in Sources */,
				58D266DE272819D500642F5C /* DetailedUserInfoViewController.swift in Sources */,
				58D266ED2729575300642F5C /* UserDetailsViewModel.swift in Sources */,
				58D266D8272800CF00642F5C /* UsersListViewModel.swift in Sources */,
				7D841FAA274E4CA400EF87E0 /* NetworkService.swift in Sources */,
				583C33F52726CEF400B2016E /* SceneDelegate.swift in Sources */,
				7D841F94274E485000EF87E0 /* User+CoreData.swift in Sources */,
				58D266DA2728039200642F5C /* UserCellView.swift in Sources */,
				58D266DC2728057300642F5C /* UserModel.swift in Sources */,
			);
			runOnlyForDeploymentPostprocessing = 0;
		};
		583C34042726CEF500B2016E /* Sources */ = {
			isa = PBXSourcesBuildPhase;
			buildActionMask = 2147483647;
			files = (
				583C340D2726CEF500B2016E /* GeoTestTaskTests.swift in Sources */,
				7D841F95274E485000EF87E0 /* User+CoreData.swift in Sources */,
				7D841F99274E48C700EF87E0 /* UsersLocalStorageService.swift in Sources */,
				7D841FAF274E4D0300EF87E0 /* UsersNetworkResponse.swift in Sources */,
				7D841F9D274E491900EF87E0 /* CoreDataManager.swift in Sources */,
				7D841FA7274E4BF500EF87E0 /* UserNetworkService.swift in Sources */,
				7D841FA2274E497B00EF87E0 /* GeoTestTask.xcdatamodeld in Sources */,
				7D841FAB274E4CA400EF87E0 /* NetworkService.swift in Sources */,
			);
			runOnlyForDeploymentPostprocessing = 0;
		};
		583C340F2726CEF500B2016E /* Sources */ = {
			isa = PBXSourcesBuildPhase;
			buildActionMask = 2147483647;
			files = (
				583C34182726CEF500B2016E /* GeoTestTaskUITests.swift in Sources */,
				7D841F96274E485000EF87E0 /* User+CoreData.swift in Sources */,
				7D841F9A274E48C700EF87E0 /* UsersLocalStorageService.swift in Sources */,
				7D841FB0274E4D0300EF87E0 /* UsersNetworkResponse.swift in Sources */,
				7D841F9E274E491900EF87E0 /* CoreDataManager.swift in Sources */,
				7D841FA8274E4BF500EF87E0 /* UserNetworkService.swift in Sources */,
				7D841FA3274E497B00EF87E0 /* GeoTestTask.xcdatamodeld in Sources */,
				7D841FAC274E4CA400EF87E0 /* NetworkService.swift in Sources */,
			);
			runOnlyForDeploymentPostprocessing = 0;
		};
/* End PBXSourcesBuildPhase section */

/* Begin PBXTargetDependency section */
		583C340A2726CEF500B2016E /* PBXTargetDependency */ = {
			isa = PBXTargetDependency;
			target = 583C33EE2726CEF400B2016E /* GeoTestTask */;
			targetProxy = 583C34092726CEF500B2016E /* PBXContainerItemProxy */;
		};
		583C34152726CEF500B2016E /* PBXTargetDependency */ = {
			isa = PBXTargetDependency;
			target = 583C33EE2726CEF400B2016E /* GeoTestTask */;
			targetProxy = 583C34142726CEF500B2016E /* PBXContainerItemProxy */;
		};
/* End PBXTargetDependency section */

/* Begin PBXVariantGroup section */
		583C34002726CEF500B2016E /* LaunchScreen.storyboard */ = {
			isa = PBXVariantGroup;
			children = (
				583C34012726CEF500B2016E /* Base */,
			);
			name = LaunchScreen.storyboard;
			sourceTree = "<group>";
		};
/* End PBXVariantGroup section */

/* Begin XCBuildConfiguration section */
		583C341A2726CEF500B2016E /* Debug */ = {
			isa = XCBuildConfiguration;
			buildSettings = {
				ALWAYS_SEARCH_USER_PATHS = NO;
				CLANG_ANALYZER_NONNULL = YES;
				CLANG_ANALYZER_NUMBER_OBJECT_CONVERSION = YES_AGGRESSIVE;
				CLANG_CXX_LANGUAGE_STANDARD = "gnu++14";
				CLANG_CXX_LIBRARY = "libc++";
				CLANG_ENABLE_MODULES = YES;
				CLANG_ENABLE_OBJC_ARC = YES;
				CLANG_ENABLE_OBJC_WEAK = YES;
				CLANG_WARN_BLOCK_CAPTURE_AUTORELEASING = YES;
				CLANG_WARN_BOOL_CONVERSION = YES;
				CLANG_WARN_COMMA = YES;
				CLANG_WARN_CONSTANT_CONVERSION = YES;
				CLANG_WARN_DEPRECATED_OBJC_IMPLEMENTATIONS = YES;
				CLANG_WARN_DIRECT_OBJC_ISA_USAGE = YES_ERROR;
				CLANG_WARN_DOCUMENTATION_COMMENTS = YES;
				CLANG_WARN_EMPTY_BODY = YES;
				CLANG_WARN_ENUM_CONVERSION = YES;
				CLANG_WARN_INFINITE_RECURSION = YES;
				CLANG_WARN_INT_CONVERSION = YES;
				CLANG_WARN_NON_LITERAL_NULL_CONVERSION = YES;
				CLANG_WARN_OBJC_IMPLICIT_RETAIN_SELF = YES;
				CLANG_WARN_OBJC_LITERAL_CONVERSION = YES;
				CLANG_WARN_OBJC_ROOT_CLASS = YES_ERROR;
				CLANG_WARN_QUOTED_INCLUDE_IN_FRAMEWORK_HEADER = YES;
				CLANG_WARN_RANGE_LOOP_ANALYSIS = YES;
				CLANG_WARN_STRICT_PROTOTYPES = YES;
				CLANG_WARN_SUSPICIOUS_MOVE = YES;
				CLANG_WARN_UNGUARDED_AVAILABILITY = YES_AGGRESSIVE;
				CLANG_WARN_UNREACHABLE_CODE = YES;
				CLANG_WARN__DUPLICATE_METHOD_MATCH = YES;
				COPY_PHASE_STRIP = NO;
				DEBUG_INFORMATION_FORMAT = dwarf;
				ENABLE_STRICT_OBJC_MSGSEND = YES;
				ENABLE_TESTABILITY = YES;
				GCC_C_LANGUAGE_STANDARD = gnu11;
				GCC_DYNAMIC_NO_PIC = NO;
				GCC_NO_COMMON_BLOCKS = YES;
				GCC_OPTIMIZATION_LEVEL = 0;
				GCC_PREPROCESSOR_DEFINITIONS = (
					"DEBUG=1",
					"$(inherited)",
				);
				GCC_WARN_64_TO_32_BIT_CONVERSION = YES;
				GCC_WARN_ABOUT_RETURN_TYPE = YES_ERROR;
				GCC_WARN_UNDECLARED_SELECTOR = YES;
				GCC_WARN_UNINITIALIZED_AUTOS = YES_AGGRESSIVE;
				GCC_WARN_UNUSED_FUNCTION = YES;
				GCC_WARN_UNUSED_VARIABLE = YES;
				IPHONEOS_DEPLOYMENT_TARGET = 14.5;
				MTL_ENABLE_DEBUG_INFO = INCLUDE_SOURCE;
				MTL_FAST_MATH = YES;
				ONLY_ACTIVE_ARCH = YES;
				SDKROOT = iphoneos;
				SWIFT_ACTIVE_COMPILATION_CONDITIONS = DEBUG;
				SWIFT_OPTIMIZATION_LEVEL = "-Onone";
			};
			name = Debug;
		};
		583C341B2726CEF500B2016E /* Release */ = {
			isa = XCBuildConfiguration;
			buildSettings = {
				ALWAYS_SEARCH_USER_PATHS = NO;
				CLANG_ANALYZER_NONNULL = YES;
				CLANG_ANALYZER_NUMBER_OBJECT_CONVERSION = YES_AGGRESSIVE;
				CLANG_CXX_LANGUAGE_STANDARD = "gnu++14";
				CLANG_CXX_LIBRARY = "libc++";
				CLANG_ENABLE_MODULES = YES;
				CLANG_ENABLE_OBJC_ARC = YES;
				CLANG_ENABLE_OBJC_WEAK = YES;
				CLANG_WARN_BLOCK_CAPTURE_AUTORELEASING = YES;
				CLANG_WARN_BOOL_CONVERSION = YES;
				CLANG_WARN_COMMA = YES;
				CLANG_WARN_CONSTANT_CONVERSION = YES;
				CLANG_WARN_DEPRECATED_OBJC_IMPLEMENTATIONS = YES;
				CLANG_WARN_DIRECT_OBJC_ISA_USAGE = YES_ERROR;
				CLANG_WARN_DOCUMENTATION_COMMENTS = YES;
				CLANG_WARN_EMPTY_BODY = YES;
				CLANG_WARN_ENUM_CONVERSION = YES;
				CLANG_WARN_INFINITE_RECURSION = YES;
				CLANG_WARN_INT_CONVERSION = YES;
				CLANG_WARN_NON_LITERAL_NULL_CONVERSION = YES;
				CLANG_WARN_OBJC_IMPLICIT_RETAIN_SELF = YES;
				CLANG_WARN_OBJC_LITERAL_CONVERSION = YES;
				CLANG_WARN_OBJC_ROOT_CLASS = YES_ERROR;
				CLANG_WARN_QUOTED_INCLUDE_IN_FRAMEWORK_HEADER = YES;
				CLANG_WARN_RANGE_LOOP_ANALYSIS = YES;
				CLANG_WARN_STRICT_PROTOTYPES = YES;
				CLANG_WARN_SUSPICIOUS_MOVE = YES;
				CLANG_WARN_UNGUARDED_AVAILABILITY = YES_AGGRESSIVE;
				CLANG_WARN_UNREACHABLE_CODE = YES;
				CLANG_WARN__DUPLICATE_METHOD_MATCH = YES;
				COPY_PHASE_STRIP = NO;
				DEBUG_INFORMATION_FORMAT = "dwarf-with-dsym";
				ENABLE_NS_ASSERTIONS = NO;
				ENABLE_STRICT_OBJC_MSGSEND = YES;
				GCC_C_LANGUAGE_STANDARD = gnu11;
				GCC_NO_COMMON_BLOCKS = YES;
				GCC_WARN_64_TO_32_BIT_CONVERSION = YES;
				GCC_WARN_ABOUT_RETURN_TYPE = YES_ERROR;
				GCC_WARN_UNDECLARED_SELECTOR = YES;
				GCC_WARN_UNINITIALIZED_AUTOS = YES_AGGRESSIVE;
				GCC_WARN_UNUSED_FUNCTION = YES;
				GCC_WARN_UNUSED_VARIABLE = YES;
				IPHONEOS_DEPLOYMENT_TARGET = 14.5;
				MTL_ENABLE_DEBUG_INFO = NO;
				MTL_FAST_MATH = YES;
				SDKROOT = iphoneos;
				SWIFT_COMPILATION_MODE = wholemodule;
				SWIFT_OPTIMIZATION_LEVEL = "-O";
				VALIDATE_PRODUCT = YES;
			};
			name = Release;
		};
		583C341D2726CEF500B2016E /* Debug */ = {
			isa = XCBuildConfiguration;
			baseConfigurationReference = DF82677F7C0424F920EF9763 /* Pods-GeoTestTask.debug.xcconfig */;
			buildSettings = {
				ASSETCATALOG_COMPILER_APPICON_NAME = AppIcon;
				ASSETCATALOG_COMPILER_GLOBAL_ACCENT_COLOR_NAME = AccentColor;
				CODE_SIGN_STYLE = Automatic;
				DEVELOPMENT_TEAM = "";
				INFOPLIST_FILE = GeoTestTask/Info.plist;
				LD_RUNPATH_SEARCH_PATHS = (
					"$(inherited)",
					"@executable_path/Frameworks",
				);
				PRODUCT_BUNDLE_IDENTIFIER = Me.GeoTestTask.geo;
				PRODUCT_NAME = "$(TARGET_NAME)";
				SWIFT_VERSION = 5.0;
				TARGETED_DEVICE_FAMILY = "1,2";
			};
			name = Debug;
		};
		583C341E2726CEF500B2016E /* Release */ = {
			isa = XCBuildConfiguration;
			baseConfigurationReference = 6D48D5515D066E1028A82020 /* Pods-GeoTestTask.release.xcconfig */;
			buildSettings = {
				ASSETCATALOG_COMPILER_APPICON_NAME = AppIcon;
				ASSETCATALOG_COMPILER_GLOBAL_ACCENT_COLOR_NAME = AccentColor;
				CODE_SIGN_STYLE = Automatic;
				DEVELOPMENT_TEAM = "";
				INFOPLIST_FILE = GeoTestTask/Info.plist;
				LD_RUNPATH_SEARCH_PATHS = (
					"$(inherited)",
					"@executable_path/Frameworks",
				);
				PRODUCT_BUNDLE_IDENTIFIER = Me.GeoTestTask.geo;
				PRODUCT_NAME = "$(TARGET_NAME)";
				SWIFT_VERSION = 5.0;
				TARGETED_DEVICE_FAMILY = "1,2";
			};
			name = Release;
		};
		583C34202726CEF500B2016E /* Debug */ = {
			isa = XCBuildConfiguration;
			buildSettings = {
				ALWAYS_EMBED_SWIFT_STANDARD_LIBRARIES = YES;
				BUNDLE_LOADER = "$(TEST_HOST)";
				CODE_SIGN_STYLE = Automatic;
				DEVELOPMENT_TEAM = 2D7FJQQCFZ;
				INFOPLIST_FILE = GeoTestTaskTests/Info.plist;
				IPHONEOS_DEPLOYMENT_TARGET = 14.5;
				LD_RUNPATH_SEARCH_PATHS = (
					"$(inherited)",
					"@executable_path/Frameworks",
					"@loader_path/Frameworks",
				);
				PRODUCT_BUNDLE_IDENTIFIER = Me.GeoTestTaskTests;
				PRODUCT_NAME = "$(TARGET_NAME)";
				SWIFT_VERSION = 5.0;
				TARGETED_DEVICE_FAMILY = "1,2";
				TEST_HOST = "$(BUILT_PRODUCTS_DIR)/GeoTestTask.app/GeoTestTask";
			};
			name = Debug;
		};
		583C34212726CEF500B2016E /* Release */ = {
			isa = XCBuildConfiguration;
			buildSettings = {
				ALWAYS_EMBED_SWIFT_STANDARD_LIBRARIES = YES;
				BUNDLE_LOADER = "$(TEST_HOST)";
				CODE_SIGN_STYLE = Automatic;
				DEVELOPMENT_TEAM = 2D7FJQQCFZ;
				INFOPLIST_FILE = GeoTestTaskTests/Info.plist;
				IPHONEOS_DEPLOYMENT_TARGET = 14.5;
				LD_RUNPATH_SEARCH_PATHS = (
					"$(inherited)",
					"@executable_path/Frameworks",
					"@loader_path/Frameworks",
				);
				PRODUCT_BUNDLE_IDENTIFIER = Me.GeoTestTaskTests;
				PRODUCT_NAME = "$(TARGET_NAME)";
				SWIFT_VERSION = 5.0;
				TARGETED_DEVICE_FAMILY = "1,2";
				TEST_HOST = "$(BUILT_PRODUCTS_DIR)/GeoTestTask.app/GeoTestTask";
			};
			name = Release;
		};
		583C34232726CEF500B2016E /* Debug */ = {
			isa = XCBuildConfiguration;
			buildSettings = {
				ALWAYS_EMBED_SWIFT_STANDARD_LIBRARIES = YES;
				CODE_SIGN_STYLE = Automatic;
				DEVELOPMENT_TEAM = 2D7FJQQCFZ;
				INFOPLIST_FILE = GeoTestTaskUITests/Info.plist;
				LD_RUNPATH_SEARCH_PATHS = (
					"$(inherited)",
					"@executable_path/Frameworks",
					"@loader_path/Frameworks",
				);
				PRODUCT_BUNDLE_IDENTIFIER = Me.GeoTestTaskUITests;
				PRODUCT_NAME = "$(TARGET_NAME)";
				SWIFT_VERSION = 5.0;
				TARGETED_DEVICE_FAMILY = "1,2";
				TEST_TARGET_NAME = GeoTestTask;
			};
			name = Debug;
		};
		583C34242726CEF500B2016E /* Release */ = {
			isa = XCBuildConfiguration;
			buildSettings = {
				ALWAYS_EMBED_SWIFT_STANDARD_LIBRARIES = YES;
				CODE_SIGN_STYLE = Automatic;
				DEVELOPMENT_TEAM = 2D7FJQQCFZ;
				INFOPLIST_FILE = GeoTestTaskUITests/Info.plist;
				LD_RUNPATH_SEARCH_PATHS = (
					"$(inherited)",
					"@executable_path/Frameworks",
					"@loader_path/Frameworks",
				);
				PRODUCT_BUNDLE_IDENTIFIER = Me.GeoTestTaskUITests;
				PRODUCT_NAME = "$(TARGET_NAME)";
				SWIFT_VERSION = 5.0;
				TARGETED_DEVICE_FAMILY = "1,2";
				TEST_TARGET_NAME = GeoTestTask;
			};
			name = Release;
		};
/* End XCBuildConfiguration section */

/* Begin XCConfigurationList section */
		583C33EA2726CEF400B2016E /* Build configuration list for PBXProject "GeoTestTask" */ = {
			isa = XCConfigurationList;
			buildConfigurations = (
				583C341A2726CEF500B2016E /* Debug */,
				583C341B2726CEF500B2016E /* Release */,
			);
			defaultConfigurationIsVisible = 0;
			defaultConfigurationName = Release;
		};
		583C341C2726CEF500B2016E /* Build configuration list for PBXNativeTarget "GeoTestTask" */ = {
			isa = XCConfigurationList;
			buildConfigurations = (
				583C341D2726CEF500B2016E /* Debug */,
				583C341E2726CEF500B2016E /* Release */,
			);
			defaultConfigurationIsVisible = 0;
			defaultConfigurationName = Release;
		};
		583C341F2726CEF500B2016E /* Build configuration list for PBXNativeTarget "GeoTestTaskTests" */ = {
			isa = XCConfigurationList;
			buildConfigurations = (
				583C34202726CEF500B2016E /* Debug */,
				583C34212726CEF500B2016E /* Release */,
			);
			defaultConfigurationIsVisible = 0;
			defaultConfigurationName = Release;
		};
		583C34222726CEF500B2016E /* Build configuration list for PBXNativeTarget "GeoTestTaskUITests" */ = {
			isa = XCConfigurationList;
			buildConfigurations = (
				583C34232726CEF500B2016E /* Debug */,
				583C34242726CEF500B2016E /* Release */,
			);
			defaultConfigurationIsVisible = 0;
			defaultConfigurationName = Release;
		};
/* End XCConfigurationList section */

/* Begin XCVersionGroup section */
		7D841F9F274E497B00EF87E0 /* GeoTestTask.xcdatamodeld */ = {
			isa = XCVersionGroup;
			children = (
				7D841FA0274E497B00EF87E0 /* GeoTestTask.xcdatamodel */,
			);
			currentVersion = 7D841FA0274E497B00EF87E0 /* GeoTestTask.xcdatamodel */;
			path = GeoTestTask.xcdatamodeld;
			sourceTree = "<group>";
			versionGroupType = wrapper.xcdatamodel;
		};
/* End XCVersionGroup section */
	};
	rootObject = 583C33E72726CEF400B2016E /* Project object */;
}
